// !$*UTF8*$!
{
	archiveVersion = 1;
	classes = {
	};
	objectVersion = 46;
	objects = {

/* Begin PBXBuildFile section */
		130B38FC151BEB9B004A6B9C /* Foundation.framework in Frameworks */ = {isa = PBXBuildFile; fileRef = 130B38FB151BEB9B004A6B9C /* Foundation.framework */; };
		130B38FF151BEB9B004A6B9C /* main.m in Sources */ = {isa = PBXBuildFile; fileRef = 130B38FE151BEB9B004A6B9C /* main.m */; };
		130B3916151BEC6C004A6B9C /* CoroutineX.m in Sources */ = {isa = PBXBuildFile; fileRef = 130B390E151BEC6C004A6B9C /* CoroutineX.m */; };
		130B3918151BEC6C004A6B9C /* Stack.m in Sources */ = {isa = PBXBuildFile; fileRef = 130B3913151BEC6C004A6B9C /* Stack.m */; };
		130B3919151BEC6C004A6B9C /* TestCoroutine.m in Sources */ = {isa = PBXBuildFile; fileRef = 130B3915151BEC6C004A6B9C /* TestCoroutine.m */; };
/* End PBXBuildFile section */

/* Begin PBXCopyFilesBuildPhase section */
		130B38F5151BEB9B004A6B9C /* CopyFiles */ = {
			isa = PBXCopyFilesBuildPhase;
			buildActionMask = 2147483647;
			dstPath = /usr/share/man/man1/;
			dstSubfolderSpec = 0;
			files = (
			);
			runOnlyForDeploymentPostprocessing = 1;
		};
/* End PBXCopyFilesBuildPhase section */

/* Begin PBXFileReference section */
		130B38F7151BEB9B004A6B9C /* Coroutine */ = {isa = PBXFileReference; explicitFileType = "compiled.mach-o.executable"; includeInIndex = 0; path = Coroutine; sourceTree = BUILT_PRODUCTS_DIR; };
		130B38FB151BEB9B004A6B9C /* Foundation.framework */ = {isa = PBXFileReference; lastKnownFileType = wrapper.framework; name = Foundation.framework; path = System/Library/Frameworks/Foundation.framework; sourceTree = SDKROOT; };
		130B38FE151BEB9B004A6B9C /* main.m */ = {isa = PBXFileReference; lastKnownFileType = sourcecode.c.objc; path = main.m; sourceTree = "<group>"; };
		130B3901151BEB9B004A6B9C /* Coroutine-Prefix.pch */ = {isa = PBXFileReference; lastKnownFileType = sourcecode.c.h; path = "Coroutine-Prefix.pch"; sourceTree = "<group>"; };
		130B390D151BEC6C004A6B9C /* CoroutineX.h */ = {isa = PBXFileReference; fileEncoding = 4; lastKnownFileType = sourcecode.c.h; path = CoroutineX.h; sourceTree = "<group>"; };
		130B390E151BEC6C004A6B9C /* CoroutineX.m */ = {isa = PBXFileReference; fileEncoding = 4; lastKnownFileType = sourcecode.c.objc; path = CoroutineX.m; sourceTree = "<group>"; };
		130B3912151BEC6C004A6B9C /* Stack.h */ = {isa = PBXFileReference; fileEncoding = 4; lastKnownFileType = sourcecode.c.h; path = Stack.h; sourceTree = "<group>"; };
		130B3913151BEC6C004A6B9C /* Stack.m */ = {isa = PBXFileReference; fileEncoding = 4; lastKnownFileType = sourcecode.c.objc; path = Stack.m; sourceTree = "<group>"; };
		130B3914151BEC6C004A6B9C /* TestCoroutine.h */ = {isa = PBXFileReference; fileEncoding = 4; lastKnownFileType = sourcecode.c.h; path = TestCoroutine.h; sourceTree = "<group>"; };
		130B3915151BEC6C004A6B9C /* TestCoroutine.m */ = {isa = PBXFileReference; fileEncoding = 4; lastKnownFileType = sourcecode.c.objc; path = TestCoroutine.m; sourceTree = "<group>"; };
/* End PBXFileReference section */

/* Begin PBXFrameworksBuildPhase section */
		130B38F4151BEB9B004A6B9C /* Frameworks */ = {
			isa = PBXFrameworksBuildPhase;
			buildActionMask = 2147483647;
			files = (
				130B38FC151BEB9B004A6B9C /* Foundation.framework in Frameworks */,
			);
			runOnlyForDeploymentPostprocessing = 0;
		};
/* End PBXFrameworksBuildPhase section */

/* Begin PBXGroup section */
		130B38EC151BEB9A004A6B9C = {
			isa = PBXGroup;
			children = (
				130B38FD151BEB9B004A6B9C /* Coroutine */,
				130B38FA151BEB9B004A6B9C /* Frameworks */,
				130B38F8151BEB9B004A6B9C /* Products */,
			);
			sourceTree = "<group>";
		};
		130B38F8151BEB9B004A6B9C /* Products */ = {
			isa = PBXGroup;
			children = (
				130B38F7151BEB9B004A6B9C /* Coroutine */,
			);
			name = Products;
			sourceTree = "<group>";
		};
		130B38FA151BEB9B004A6B9C /* Frameworks */ = {
			isa = PBXGroup;
			children = (
				130B38FB151BEB9B004A6B9C /* Foundation.framework */,
			);
			name = Frameworks;
			sourceTree = "<group>";
		};
		130B38FD151BEB9B004A6B9C /* Coroutine */ = {
			isa = PBXGroup;
			children = (
				130B390A151BEC6C004A6B9C /* Coroutine */,
				130B3912151BEC6C004A6B9C /* Stack.h */,
				130B3913151BEC6C004A6B9C /* Stack.m */,
				130B3914151BEC6C004A6B9C /* TestCoroutine.h */,
				130B3915151BEC6C004A6B9C /* TestCoroutine.m */,
				130B38FE151BEB9B004A6B9C /* main.m */,
				130B3900151BEB9B004A6B9C /* Supporting Files */,
			);
			path = Coroutine;
			sourceTree = "<group>";
		};
		130B3900151BEB9B004A6B9C /* Supporting Files */ = {
			isa = PBXGroup;
			children = (
				130B3901151BEB9B004A6B9C /* Coroutine-Prefix.pch */,
			);
			name = "Supporting Files";
			sourceTree = "<group>";
		};
		130B390A151BEC6C004A6B9C /* Coroutine */ = {
			isa = PBXGroup;
			children = (
				130B390D151BEC6C004A6B9C /* CoroutineX.h */,
				130B390E151BEC6C004A6B9C /* CoroutineX.m */,
			);
			path = Coroutine;
			sourceTree = "<group>";
		};
/* End PBXGroup section */

/* Begin PBXNativeTarget section */
		130B38F6151BEB9B004A6B9C /* Coroutine */ = {
			isa = PBXNativeTarget;
			buildConfigurationList = 130B3906151BEB9B004A6B9C /* Build configuration list for PBXNativeTarget "Coroutine" */;
			buildPhases = (
				130B38F3151BEB9B004A6B9C /* Sources */,
				130B38F4151BEB9B004A6B9C /* Frameworks */,
				130B38F5151BEB9B004A6B9C /* CopyFiles */,
			);
			buildRules = (
			);
			dependencies = (
			);
			name = Coroutine;
			productName = Coroutine;
			productReference = 130B38F7151BEB9B004A6B9C /* Coroutine */;
			productType = "com.apple.product-type.tool";
		};
/* End PBXNativeTarget section */

/* Begin PBXProject section */
		130B38EE151BEB9A004A6B9C /* Project object */ = {
			isa = PBXProject;
			attributes = {
				LastUpgradeCheck = 0430;
			};
			buildConfigurationList = 130B38F1151BEB9A004A6B9C /* Build configuration list for PBXProject "Coroutine" */;
			compatibilityVersion = "Xcode 3.2";
			developmentRegion = English;
			hasScannedForEncodings = 0;
			knownRegions = (
				en,
			);
			mainGroup = 130B38EC151BEB9A004A6B9C;
			productRefGroup = 130B38F8151BEB9B004A6B9C /* Products */;
			projectDirPath = "";
			projectRoot = "";
			targets = (
				130B38F6151BEB9B004A6B9C /* Coroutine */,
			);
		};
/* End PBXProject section */

/* Begin PBXSourcesBuildPhase section */
		130B38F3151BEB9B004A6B9C /* Sources */ = {
			isa = PBXSourcesBuildPhase;
			buildActionMask = 2147483647;
			files = (
				130B38FF151BEB9B004A6B9C /* main.m in Sources */,
				130B3916151BEC6C004A6B9C /* CoroutineX.m in Sources */,
				130B3918151BEC6C004A6B9C /* Stack.m in Sources */,
				130B3919151BEC6C004A6B9C /* TestCoroutine.m in Sources */,
			);
			runOnlyForDeploymentPostprocessing = 0;
		};
/* End PBXSourcesBuildPhase section */

/* Begin XCBuildConfiguration section */
		130B3904151BEB9B004A6B9C /* Debug */ = {
			isa = XCBuildConfiguration;
			buildSettings = {
				ALWAYS_SEARCH_USER_PATHS = NO;
				ARCHS = "$(ARCHS_STANDARD_64_BIT)";
				CLANG_ENABLE_OBJC_ARC = YES;
				COPY_PHASE_STRIP = NO;
				GCC_C_LANGUAGE_STANDARD = gnu99;
				GCC_DYNAMIC_NO_PIC = NO;
				GCC_ENABLE_OBJC_EXCEPTIONS = YES;
				GCC_OPTIMIZATION_LEVEL = 0;
				GCC_PREPROCESSOR_DEFINITIONS = (
					"DEBUG=1",
					"$(inherited)",
				);
				GCC_SYMBOLS_PRIVATE_EXTERN = NO;
				GCC_VERSION = com.apple.compilers.llvm.clang.1_0;
				GCC_WARN_64_TO_32_BIT_CONVERSION = YES;
				GCC_WARN_ABOUT_RETURN_TYPE = YES;
				GCC_WARN_UNINITIALIZED_AUTOS = YES;
				GCC_WARN_UNUSED_VARIABLE = YES;
				MACOSX_DEPLOYMENT_TARGET = 10.7;
				ONLY_ACTIVE_ARCH = YES;
				SDKROOT = macosx;
			};
			name = Debug;
		};
		130B3905151BEB9B004A6B9C /* Release */ = {
			isa = XCBuildConfiguration;
			buildSettings = {
				ALWAYS_SEARCH_USER_PATHS = NO;
				ARCHS = "$(ARCHS_STANDARD_64_BIT)";
				CLANG_ENABLE_OBJC_ARC = YES;
				COPY_PHASE_STRIP = YES;
				DEBUG_INFORMATION_FORMAT = "dwarf-with-dsym";
				GCC_C_LANGUAGE_STANDARD = gnu99;
				GCC_ENABLE_OBJC_EXCEPTIONS = YES;
				GCC_VERSION = com.apple.compilers.llvm.clang.1_0;
				GCC_WARN_64_TO_32_BIT_CONVERSION = YES;
				GCC_WARN_ABOUT_RETURN_TYPE = YES;
				GCC_WARN_UNINITIALIZED_AUTOS = YES;
				GCC_WARN_UNUSED_VARIABLE = YES;
				MACOSX_DEPLOYMENT_TARGET = 10.7;
				SDKROOT = macosx;
			};
			name = Release;
		};
		130B3907151BEB9B004A6B9C /* Debug */ = {
			isa = XCBuildConfiguration;
			buildSettings = {
				GCC_PRECOMPILE_PREFIX_HEADER = YES;
				GCC_PREFIX_HEADER = "Coroutine/Coroutine-Prefix.pch";
				PRODUCT_NAME = "$(TARGET_NAME)";
			};
			name = Debug;
		};
		130B3908151BEB9B004A6B9C /* Release */ = {
			isa = XCBuildConfiguration;
			buildSettings = {
				GCC_PRECOMPILE_PREFIX_HEADER = YES;
				GCC_PREFIX_HEADER = "Coroutine/Coroutine-Prefix.pch";
				PRODUCT_NAME = "$(TARGET_NAME)";
			};
			name = Release;
		};
/* End XCBuildConfiguration section */

/* Begin XCConfigurationList section */
		130B38F1151BEB9A004A6B9C /* Build configuration list for PBXProject "Coroutine" */ = {
			isa = XCConfigurationList;
			buildConfigurations = (
				130B3904151BEB9B004A6B9C /* Debug */,
				130B3905151BEB9B004A6B9C /* Release */,
			);
			defaultConfigurationIsVisible = 0;
			defaultConfigurationName = Release;
		};
		130B3906151BEB9B004A6B9C /* Build configuration list for PBXNativeTarget "Coroutine" */ = {
			isa = XCConfigurationList;
			buildConfigurations = (
				130B3907151BEB9B004A6B9C /* Debug */,
				130B3908151BEB9B004A6B9C /* Release */,
			);
			defaultConfigurationIsVisible = 0;
			defaultConfigurationName = Release;
		};
/* End XCConfigurationList section */
	};
	rootObject = 130B38EE151BEB9A004A6B9C /* Project object */;
}
